
Microsoft Visual Studio Solution File, Format Version 12.00
# Visual Studio Version 16
VisualStudioVersion = 16.0.31729.503
MinimumVisualStudioVersion = 10.0.40219.1
Project("{FAE04EC0-301F-11D3-BF4B-00C04F79EFBC}") = "UNO - Hand", "UNO - Hand\UNO - Hand.csproj", "{93AD5CB6-91E3-4A9C-A2A5-C2C61CA19663}"
EndProject
Global
	GlobalSection(SolutionConfigurationPlatforms) = preSolution
		Debug|Any CPU = Debug|Any CPU
		Release|Any CPU = Release|Any CPU
	EndGlobalSection
	GlobalSection(ProjectConfigurationPlatforms) = postSolution
		{93AD5CB6-91E3-4A9C-A2A5-C2C61CA19663}.Debug|Any CPU.ActiveCfg = Debug|Any CPU
		{93AD5CB6-91E3-4A9C-A2A5-C2C61CA19663}.Debug|Any CPU.Build.0 = Debug|Any CPU
		{93AD5CB6-91E3-4A9C-A2A5-C2C61CA19663}.Release|Any CPU.ActiveCfg = Release|Any CPU
		{93AD5CB6-91E3-4A9C-A2A5-C2C61CA19663}.Release|Any CPU.Build.0 = Release|Any CPU
	EndGlobalSection
	GlobalSection(SolutionProperties) = preSolution
		HideSolutionNode = FALSE
	EndGlobalSection
	GlobalSection(ExtensibilityGlobals) = postSolution
		SolutionGuid = {34B90DE2-CFA8-4894-B459-4CFE510C9154}
	EndGlobalSection
EndGlobal
